
Microsoft Visual Studio Solution File, Format Version 12.00
# Visual Studio Version 17
VisualStudioVersion = 17.7.34221.43
MinimumVisualStudioVersion = 10.0.40219.1
Project("{FAE04EC0-301F-11D3-BF4B-00C04F79EFBC}") = "Fields", "Fields\Fields.csproj", "{9204B930-7537-418D-B921-64F2D7D68778}"
EndProject
Project("{FAE04EC0-301F-11D3-BF4B-00C04F79EFBC}") = "ClassLibrary1", "ClassLibrary1\ClassLibrary1.csproj", "{F9835BE1-90C9-4F70-894C-D52A814A7862}"
EndProject
Global
	GlobalSection(SolutionConfigurationPlatforms) = preSolution
		Debug|Any CPU = Debug|Any CPU
		Release|Any CPU = Release|Any CPU
	EndGlobalSection
	GlobalSection(ProjectConfigurationPlatforms) = postSolution
		{9204B930-7537-418D-B921-64F2D7D68778}.Debug|Any CPU.ActiveCfg = Debug|Any CPU
		{9204B930-7537-418D-B921-64F2D7D68778}.Debug|Any CPU.Build.0 = Debug|Any CPU
		{9204B930-7537-418D-B921-64F2D7D68778}.Release|Any CPU.ActiveCfg = Release|Any CPU
		{9204B930-7537-418D-B921-64F2D7D68778}.Release|Any CPU.Build.0 = Release|Any CPU
		{F9835BE1-90C9-4F70-894C-D52A814A7862}.Debug|Any CPU.ActiveCfg = Debug|Any CPU
		{F9835BE1-90C9-4F70-894C-D52A814A7862}.Debug|Any CPU.Build.0 = Debug|Any CPU
		{F9835BE1-90C9-4F70-894C-D52A814A7862}.Release|Any CPU.ActiveCfg = Release|Any CPU
		{F9835BE1-90C9-4F70-894C-D52A814A7862}.Release|Any CPU.Build.0 = Release|Any CPU
	EndGlobalSection
	GlobalSection(SolutionProperties) = preSolution
		HideSolutionNode = FALSE
	EndGlobalSection
	GlobalSection(ExtensibilityGlobals) = postSolution
		SolutionGuid = {8A1D101D-5CC3-48ED-964C-DF8B8CEA4A63}
	EndGlobalSection
EndGlobal
